
Microsoft Visual Studio Solution File, Format Version 12.00
# Visual Studio Version 16
VisualStudioVersion = 16.0.29306.81
MinimumVisualStudioVersion = 10.0.40219.1
Project("{FAE04EC0-301F-11D3-BF4B-00C04F79EFBC}") = "Parcels", "Parcels\Parcels.csproj", "{518C71E7-ADB8-4394-9D33-90BF533F6001}"
EndProject
Project("{FAE04EC0-301F-11D3-BF4B-00C04F79EFBC}") = "Parcels.Tests", "Parcels.Tests\Parcels.Tests.csproj", "{A052C8C0-B6C1-4DFE-A170-8DC690FB84B3}"
EndProject
Global
	GlobalSection(SolutionConfigurationPlatforms) = preSolution
		Debug|Any CPU = Debug|Any CPU
		Release|Any CPU = Release|Any CPU
	EndGlobalSection
	GlobalSection(ProjectConfigurationPlatforms) = postSolution
		{518C71E7-ADB8-4394-9D33-90BF533F6001}.Debug|Any CPU.ActiveCfg = Debug|Any CPU
		{518C71E7-ADB8-4394-9D33-90BF533F6001}.Debug|Any CPU.Build.0 = Debug|Any CPU
		{518C71E7-ADB8-4394-9D33-90BF533F6001}.Release|Any CPU.ActiveCfg = Release|Any CPU
		{518C71E7-ADB8-4394-9D33-90BF533F6001}.Release|Any CPU.Build.0 = Release|Any CPU
		{A052C8C0-B6C1-4DFE-A170-8DC690FB84B3}.Debug|Any CPU.ActiveCfg = Debug|Any CPU
		{A052C8C0-B6C1-4DFE-A170-8DC690FB84B3}.Debug|Any CPU.Build.0 = Debug|Any CPU
		{A052C8C0-B6C1-4DFE-A170-8DC690FB84B3}.Release|Any CPU.ActiveCfg = Release|Any CPU
		{A052C8C0-B6C1-4DFE-A170-8DC690FB84B3}.Release|Any CPU.Build.0 = Release|Any CPU
	EndGlobalSection
	GlobalSection(SolutionProperties) = preSolution
		HideSolutionNode = FALSE
	EndGlobalSection
	GlobalSection(ExtensibilityGlobals) = postSolution
		SolutionGuid = {FA11B939-C64B-4D0F-ADE1-25C651C86B13}
	EndGlobalSection
EndGlobal
